// !$*UTF8*$!
{
	archiveVersion = 1;
	classes = {
	};
	objectVersion = 48;
	objects = {

/* Begin PBXBuildFile section */
		05052AA31F66EF2700557E57 /* AppDelegate.swift in Sources */ = {isa = PBXBuildFile; fileRef = 05052AA21F66EF2700557E57 /* AppDelegate.swift */; };
		05052AA51F66EF2700557E57 /* ViewController.swift in Sources */ = {isa = PBXBuildFile; fileRef = 05052AA41F66EF2700557E57 /* ViewController.swift */; };
		05052AA81F66EF2700557E57 /* Main.storyboard in Resources */ = {isa = PBXBuildFile; fileRef = 05052AA61F66EF2700557E57 /* Main.storyboard */; };
		05052AAA1F66EF2700557E57 /* Assets.xcassets in Resources */ = {isa = PBXBuildFile; fileRef = 05052AA91F66EF2700557E57 /* Assets.xcassets */; };
		05052AAD1F66EF2700557E57 /* LaunchScreen.storyboard in Resources */ = {isa = PBXBuildFile; fileRef = 05052AAB1F66EF2700557E57 /* LaunchScreen.storyboard */; };
		05052AB71F66F77300557E57 /* Pokemon.swift in Sources */ = {isa = PBXBuildFile; fileRef = 05052AB61F66F77300557E57 /* Pokemon.swift */; };
		05052ABA1F67AD8600557E57 /* PokeCell.swift in Sources */ = {isa = PBXBuildFile; fileRef = 05052AB91F67AD8600557E57 /* PokeCell.swift */; };
		058473A01F6B75BC0029C96E /* pokemon.csv in Resources */ = {isa = PBXBuildFile; fileRef = 0584739F1F6B74560029C96E /* pokemon.csv */; };
		058473A31F6C87510029C96E /* pokefont.ttf in Resources */ = {isa = PBXBuildFile; fileRef = 058473A11F6C865D0029C96E /* pokefont.ttf */; };
		058473A61F6C887D0029C96E /* back.png in Resources */ = {isa = PBXBuildFile; fileRef = 058473A41F6C887A0029C96E /* back.png */; };
		058473A71F6C88CB0029C96E /* music.png in Resources */ = {isa = PBXBuildFile; fileRef = 058473A51F6C887A0029C96E /* music.png */; };
		058473A91F6C89750029C96E /* music.mp3 in Resources */ = {isa = PBXBuildFile; fileRef = 058473A81F6C89710029C96E /* music.mp3 */; };
		05D48D261F6AECCC007C50C8 /* csv.swift in Sources */ = {isa = PBXBuildFile; fileRef = 05D48D251F6AECCC007C50C8 /* csv.swift */; };
/* End PBXBuildFile section */

/* Begin PBXFileReference section */
		05052A9F1F66EF2700557E57 /* Pokedex4.app */ = {isa = PBXFileReference; explicitFileType = wrapper.application; includeInIndex = 0; path = Pokedex4.app; sourceTree = BUILT_PRODUCTS_DIR; };
		05052AA21F66EF2700557E57 /* AppDelegate.swift */ = {isa = PBXFileReference; lastKnownFileType = sourcecode.swift; path = AppDelegate.swift; sourceTree = "<group>"; };
		05052AA41F66EF2700557E57 /* ViewController.swift */ = {isa = PBXFileReference; lastKnownFileType = sourcecode.swift; path = ViewController.swift; sourceTree = "<group>"; };
		05052AA71F66EF2700557E57 /* Base */ = {isa = PBXFileReference; lastKnownFileType = file.storyboard; name = Base; path = Base.lproj/Main.storyboard; sourceTree = "<group>"; };
		05052AA91F66EF2700557E57 /* Assets.xcassets */ = {isa = PBXFileReference; lastKnownFileType = folder.assetcatalog; path = Assets.xcassets; sourceTree = "<group>"; };
		05052AAC1F66EF2700557E57 /* Base */ = {isa = PBXFileReference; lastKnownFileType = file.storyboard; name = Base; path = Base.lproj/LaunchScreen.storyboard; sourceTree = "<group>"; };
		05052AAE1F66EF2700557E57 /* Info.plist */ = {isa = PBXFileReference; lastKnownFileType = text.plist.xml; path = Info.plist; sourceTree = "<group>"; };
		05052AB61F66F77300557E57 /* Pokemon.swift */ = {isa = PBXFileReference; lastKnownFileType = sourcecode.swift; path = Pokemon.swift; sourceTree = "<group>"; };
		05052AB91F67AD8600557E57 /* PokeCell.swift */ = {isa = PBXFileReference; lastKnownFileType = sourcecode.swift; path = PokeCell.swift; sourceTree = "<group>"; };
		0584739F1F6B74560029C96E /* pokemon.csv */ = {isa = PBXFileReference; lastKnownFileType = text; path = pokemon.csv; sourceTree = "<group>"; };
		058473A11F6C865D0029C96E /* pokefont.ttf */ = {isa = PBXFileReference; lastKnownFileType = file; path = pokefont.ttf; sourceTree = "<group>"; };
		058473A41F6C887A0029C96E /* back.png */ = {isa = PBXFileReference; lastKnownFileType = image.png; path = back.png; sourceTree = "<group>"; };
		058473A51F6C887A0029C96E /* music.png */ = {isa = PBXFileReference; lastKnownFileType = image.png; path = music.png; sourceTree = "<group>"; };
		058473A81F6C89710029C96E /* music.mp3 */ = {isa = PBXFileReference; lastKnownFileType = audio.mp3; path = music.mp3; sourceTree = "<group>"; };
		05D48D251F6AECCC007C50C8 /* csv.swift */ = {isa = PBXFileReference; lastKnownFileType = sourcecode.swift; path = csv.swift; sourceTree = "<group>"; };
/* End PBXFileReference section */

/* Begin PBXFrameworksBuildPhase section */
		05052A9C1F66EF2700557E57 /* Frameworks */ = {
			isa = PBXFrameworksBuildPhase;
			buildActionMask = 2147483647;
			files = (
			);
			runOnlyForDeploymentPostprocessing = 0;
		};
/* End PBXFrameworksBuildPhase section */

/* Begin PBXGroup section */
		05052A961F66EF2700557E57 = {
			isa = PBXGroup;
			children = (
				05052AA11F66EF2700557E57 /* Pokedex4 */,
				05052AA01F66EF2700557E57 /* Products */,
			);
			sourceTree = "<group>";
		};
		05052AA01F66EF2700557E57 /* Products */ = {
			isa = PBXGroup;
			children = (
				05052A9F1F66EF2700557E57 /* Pokedex4.app */,
			);
			name = Products;
			sourceTree = "<group>";
		};
		05052AA11F66EF2700557E57 /* Pokedex4 */ = {
			isa = PBXGroup;
			children = (
				05052AB51F66F74800557E57 /* Model */,
				05052AB81F67ACA100557E57 /* View */,
				05E124661F68A1CB001344DB /* Controller */,
				058473A21F6C86970029C96E /* Resources */,
				05052AA91F66EF2700557E57 /* Assets.xcassets */,
				05052AAE1F66EF2700557E57 /* Info.plist */,
			);
			path = Pokedex4;
			sourceTree = "<group>";
		};
		05052AB51F66F74800557E57 /* Model */ = {
			isa = PBXGroup;
			children = (
				05052AB61F66F77300557E57 /* Pokemon.swift */,
			);
			path = Model;
			sourceTree = "<group>";
		};
		05052AB81F67ACA100557E57 /* View */ = {
			isa = PBXGroup;
			children = (
				05052AB91F67AD8600557E57 /* PokeCell.swift */,
				05052AA61F66EF2700557E57 /* Main.storyboard */,
				05052AAB1F66EF2700557E57 /* LaunchScreen.storyboard */,
			);
			path = View;
			sourceTree = "<group>";
		};
		058473A21F6C86970029C96E /* Resources */ = {
			isa = PBXGroup;
			children = (
				058473A11F6C865D0029C96E /* pokefont.ttf */,
				0584739F1F6B74560029C96E /* pokemon.csv */,
				05D48D251F6AECCC007C50C8 /* csv.swift */,
				058473A41F6C887A0029C96E /* back.png */,
				058473A81F6C89710029C96E /* music.mp3 */,
				058473A51F6C887A0029C96E /* music.png */,
			);
			path = Resources;
			sourceTree = "<group>";
		};
		05E124661F68A1CB001344DB /* Controller */ = {
			isa = PBXGroup;
			children = (
				05052AA21F66EF2700557E57 /* AppDelegate.swift */,
				05052AA41F66EF2700557E57 /* ViewController.swift */,
			);
			path = Controller;
			sourceTree = "<group>";
		};
/* End PBXGroup section */

/* Begin PBXNativeTarget section */
		05052A9E1F66EF2700557E57 /* Pokedex4 */ = {
			isa = PBXNativeTarget;
			buildConfigurationList = 05052AB11F66EF2700557E57 /* Build configuration list for PBXNativeTarget "Pokedex4" */;
			buildPhases = (
				05052A9B1F66EF2700557E57 /* Sources */,
				05052A9C1F66EF2700557E57 /* Frameworks */,
				05052A9D1F66EF2700557E57 /* Resources */,
			);
			buildRules = (
			);
			dependencies = (
			);
			name = Pokedex4;
			productName = Pokedex4;
			productReference = 05052A9F1F66EF2700557E57 /* Pokedex4.app */;
			productType = "com.apple.product-type.application";
		};
/* End PBXNativeTarget section */

/* Begin PBXProject section */
		05052A971F66EF2700557E57 /* Project object */ = {
			isa = PBXProject;
			attributes = {
				LastSwiftUpdateCheck = 0900;
				LastUpgradeCheck = 0900;
				ORGANIZATIONNAME = "App App Studio";
				TargetAttributes = {
					05052A9E1F66EF2700557E57 = {
						CreatedOnToolsVersion = 9.0;
						ProvisioningStyle = Automatic;
					};
				};
			};
			buildConfigurationList = 05052A9A1F66EF2700557E57 /* Build configuration list for PBXProject "Pokedex4" */;
			compatibilityVersion = "Xcode 8.0";
			developmentRegion = en;
			hasScannedForEncodings = 0;
			knownRegions = (
				en,
				Base,
			);
			mainGroup = 05052A961F66EF2700557E57;
			productRefGroup = 05052AA01F66EF2700557E57 /* Products */;
			projectDirPath = "";
			projectRoot = "";
			targets = (
				05052A9E1F66EF2700557E57 /* Pokedex4 */,
			);
		};
/* End PBXProject section */

/* Begin PBXResourcesBuildPhase section */
		05052A9D1F66EF2700557E57 /* Resources */ = {
			isa = PBXResourcesBuildPhase;
			buildActionMask = 2147483647;
			files = (
				058473A91F6C89750029C96E /* music.mp3 in Resources */,
				058473A31F6C87510029C96E /* pokefont.ttf in Resources */,
				058473A71F6C88CB0029C96E /* music.png in Resources */,
				05052AAD1F66EF2700557E57 /* LaunchScreen.storyboard in Resources */,
				058473A61F6C887D0029C96E /* back.png in Resources */,
				05052AAA1F66EF2700557E57 /* Assets.xcassets in Resources */,
				058473A01F6B75BC0029C96E /* pokemon.csv in Resources */,
				05052AA81F66EF2700557E57 /* Main.storyboard in Resources */,
			);
			runOnlyForDeploymentPostprocessing = 0;
		};
/* End PBXResourcesBuildPhase section */

/* Begin PBXSourcesBuildPhase section */
		05052A9B1F66EF2700557E57 /* Sources */ = {
			isa = PBXSourcesBuildPhase;
			buildActionMask = 2147483647;
			files = (
				05052AA51F66EF2700557E57 /* ViewController.swift in Sources */,
				05052AA31F66EF2700557E57 /* AppDelegate.swift in Sources */,
				05052AB71F66F77300557E57 /* Pokemon.swift in Sources */,
				05052ABA1F67AD8600557E57 /* PokeCell.swift in Sources */,
				05D48D261F6AECCC007C50C8 /* csv.swift in Sources */,
			);
			runOnlyForDeploymentPostprocessing = 0;
		};
/* End PBXSourcesBuildPhase section */

/* Begin PBXVariantGroup section */
		05052AA61F66EF2700557E57 /* Main.storyboard */ = {
			isa = PBXVariantGroup;
			children = (
				05052AA71F66EF2700557E57 /* Base */,
			);
			name = Main.storyboard;
			sourceTree = "<group>";
		};
		05052AAB1F66EF2700557E57 /* LaunchScreen.storyboard */ = {
			isa = PBXVariantGroup;
			children = (
				05052AAC1F66EF2700557E57 /* Base */,
			);
			name = LaunchScreen.storyboard;
			sourceTree = "<group>";
		};
/* End PBXVariantGroup section */

/* Begin XCBuildConfiguration section */
		05052AAF1F66EF2700557E57 /* Debug */ = {
			isa = XCBuildConfiguration;
			buildSettings = {
				ALWAYS_SEARCH_USER_PATHS = NO;
				CLANG_ANALYZER_NONNULL = YES;
				CLANG_ANALYZER_NUMBER_OBJECT_CONVERSION = YES_AGGRESSIVE;
				CLANG_CXX_LANGUAGE_STANDARD = "gnu++14";
				CLANG_CXX_LIBRARY = "libc++";
				CLANG_ENABLE_MODULES = YES;
				CLANG_ENABLE_OBJC_ARC = YES;
				CLANG_WARN_BLOCK_CAPTURE_AUTORELEASING = YES;
				CLANG_WARN_BOOL_CONVERSION = YES;
				CLANG_WARN_COMMA = YES;
				CLANG_WARN_CONSTANT_CONVERSION = YES;
				CLANG_WARN_DIRECT_OBJC_ISA_USAGE = YES_ERROR;
				CLANG_WARN_DOCUMENTATION_COMMENTS = YES;
				CLANG_WARN_EMPTY_BODY = YES;
				CLANG_WARN_ENUM_CONVERSION = YES;
				CLANG_WARN_INFINITE_RECURSION = YES;
				CLANG_WARN_INT_CONVERSION = YES;
				CLANG_WARN_NON_LITERAL_NULL_CONVERSION = YES;
				CLANG_WARN_OBJC_LITERAL_CONVERSION = YES;
				CLANG_WARN_OBJC_ROOT_CLASS = YES_ERROR;
				CLANG_WARN_RANGE_LOOP_ANALYSIS = YES;
				CLANG_WARN_STRICT_PROTOTYPES = YES;
				CLANG_WARN_SUSPICIOUS_MOVE = YES;
				CLANG_WARN_UNGUARDED_AVAILABILITY = YES_AGGRESSIVE;
				CLANG_WARN_UNREACHABLE_CODE = YES;
				CLANG_WARN__DUPLICATE_METHOD_MATCH = YES;
				CODE_SIGN_IDENTITY = "iPhone Developer";
				COPY_PHASE_STRIP = NO;
				DEBUG_INFORMATION_FORMAT = dwarf;
				ENABLE_STRICT_OBJC_MSGSEND = YES;
				ENABLE_TESTABILITY = YES;
				GCC_C_LANGUAGE_STANDARD = gnu11;
				GCC_DYNAMIC_NO_PIC = NO;
				GCC_NO_COMMON_BLOCKS = YES;
				GCC_OPTIMIZATION_LEVEL = 0;
				GCC_PREPROCESSOR_DEFINITIONS = (
					"DEBUG=1",
					"$(inherited)",
				);
				GCC_WARN_64_TO_32_BIT_CONVERSION = YES;
				GCC_WARN_ABOUT_RETURN_TYPE = YES_ERROR;
				GCC_WARN_UNDECLARED_SELECTOR = YES;
				GCC_WARN_UNINITIALIZED_AUTOS = YES_AGGRESSIVE;
				GCC_WARN_UNUSED_FUNCTION = YES;
				GCC_WARN_UNUSED_VARIABLE = YES;
				IPHONEOS_DEPLOYMENT_TARGET = 11.0;
				MTL_ENABLE_DEBUG_INFO = YES;
				ONLY_ACTIVE_ARCH = YES;
				SDKROOT = iphoneos;
				SWIFT_ACTIVE_COMPILATION_CONDITIONS = DEBUG;
				SWIFT_OPTIMIZATION_LEVEL = "-Onone";
			};
			name = Debug;
		};
		05052AB01F66EF2700557E57 /* Release */ = {
			isa = XCBuildConfiguration;
			buildSettings = {
				ALWAYS_SEARCH_USER_PATHS = NO;
				CLANG_ANALYZER_NONNULL = YES;
				CLANG_ANALYZER_NUMBER_OBJECT_CONVERSION = YES_AGGRESSIVE;
				CLANG_CXX_LANGUAGE_STANDARD = "gnu++14";
				CLANG_CXX_LIBRARY = "libc++";
				CLANG_ENABLE_MODULES = YES;
				CLANG_ENABLE_OBJC_ARC = YES;
				CLANG_WARN_BLOCK_CAPTURE_AUTORELEASING = YES;
				CLANG_WARN_BOOL_CONVERSION = YES;
				CLANG_WARN_COMMA = YES;
				CLANG_WARN_CONSTANT_CONVERSION = YES;
				CLANG_WARN_DIRECT_OBJC_ISA_USAGE = YES_ERROR;
				CLANG_WARN_DOCUMENTATION_COMMENTS = YES;
				CLANG_WARN_EMPTY_BODY = YES;
				CLANG_WARN_ENUM_CONVERSION = YES;
				CLANG_WARN_INFINITE_RECURSION = YES;
				CLANG_WARN_INT_CONVERSION = YES;
				CLANG_WARN_NON_LITERAL_NULL_CONVERSION = YES;
				CLANG_WARN_OBJC_LITERAL_CONVERSION = YES;
				CLANG_WARN_OBJC_ROOT_CLASS = YES_ERROR;
				CLANG_WARN_RANGE_LOOP_ANALYSIS = YES;
				CLANG_WARN_STRICT_PROTOTYPES = YES;
				CLANG_WARN_SUSPICIOUS_MOVE = YES;
				CLANG_WARN_UNGUARDED_AVAILABILITY = YES_AGGRESSIVE;
				CLANG_WARN_UNREACHABLE_CODE = YES;
				CLANG_WARN__DUPLICATE_METHOD_MATCH = YES;
				CODE_SIGN_IDENTITY = "iPhone Developer";
				COPY_PHASE_STRIP = NO;
				DEBUG_INFORMATION_FORMAT = "dwarf-with-dsym";
				ENABLE_NS_ASSERTIONS = NO;
				ENABLE_STRICT_OBJC_MSGSEND = YES;
				GCC_C_LANGUAGE_STANDARD = gnu11;
				GCC_NO_COMMON_BLOCKS = YES;
				GCC_WARN_64_TO_32_BIT_CONVERSION = YES;
				GCC_WARN_ABOUT_RETURN_TYPE = YES_ERROR;
				GCC_WARN_UNDECLARED_SELECTOR = YES;
				GCC_WARN_UNINITIALIZED_AUTOS = YES_AGGRESSIVE;
				GCC_WARN_UNUSED_FUNCTION = YES;
				GCC_WARN_UNUSED_VARIABLE = YES;
				IPHONEOS_DEPLOYMENT_TARGET = 11.0;
				MTL_ENABLE_DEBUG_INFO = NO;
				SDKROOT = iphoneos;
				SWIFT_OPTIMIZATION_LEVEL = "-Owholemodule";
				VALIDATE_PRODUCT = YES;
			};
			name = Release;
		};
		05052AB21F66EF2700557E57 /* Debug */ = {
			isa = XCBuildConfiguration;
			buildSettings = {
				ASSETCATALOG_COMPILER_APPICON_NAME = AppIcon;
				CODE_SIGN_STYLE = Automatic;
				DEVELOPMENT_TEAM = H36FGN369H;
				INFOPLIST_FILE = Pokedex4/Info.plist;
				LD_RUNPATH_SEARCH_PATHS = "$(inherited) @executable_path/Frameworks";
				PRODUCT_BUNDLE_IDENTIFIER = com.AppAppStudio.Pokedex4;
				PRODUCT_NAME = "$(TARGET_NAME)";
				SWIFT_VERSION = 4.0;
				TARGETED_DEVICE_FAMILY = "1,2";
			};
			name = Debug;
		};
		05052AB31F66EF2700557E57 /* Release */ = {
			isa = XCBuildConfiguration;
			buildSettings = {
				ASSETCATALOG_COMPILER_APPICON_NAME = AppIcon;
				CODE_SIGN_STYLE = Automatic;
				DEVELOPMENT_TEAM = H36FGN369H;
				INFOPLIST_FILE = Pokedex4/Info.plist;
				LD_RUNPATH_SEARCH_PATHS = "$(inherited) @executable_path/Frameworks";
				PRODUCT_BUNDLE_IDENTIFIER = com.AppAppStudio.Pokedex4;
				PRODUCT_NAME = "$(TARGET_NAME)";
				SWIFT_VERSION = 4.0;
				TARGETED_DEVICE_FAMILY = "1,2";
			};
			name = Release;
		};
/* End XCBuildConfiguration section */

/* Begin XCConfigurationList section */
		05052A9A1F66EF2700557E57 /* Build configuration list for PBXProject "Pokedex4" */ = {
			isa = XCConfigurationList;
			buildConfigurations = (
				05052AAF1F66EF2700557E57 /* Debug */,
				05052AB01F66EF2700557E57 /* Release */,
			);
			defaultConfigurationIsVisible = 0;
			defaultConfigurationName = Release;
		};
		05052AB11F66EF2700557E57 /* Build configuration list for PBXNativeTarget "Pokedex4" */ = {
			isa = XCConfigurationList;
			buildConfigurations = (
				05052AB21F66EF2700557E57 /* Debug */,
				05052AB31F66EF2700557E57 /* Release */,
			);
			defaultConfigurationIsVisible = 0;
			defaultConfigurationName = Release;
		};
/* End XCConfigurationList section */
	};
	rootObject = 05052A971F66EF2700557E57 /* Project object */;
}
